
Microsoft Visual Studio Solution File, Format Version 12.00
# Visual Studio 2013
VisualStudioVersion = 12.0.30110.0
MinimumVisualStudioVersion = 10.0.40219.1
Project("{FAE04EC0-301F-11D3-BF4B-00C04F79EFBC}") = "Study.Memcached", "Study.Memcached\Study.Memcached.csproj", "{ABA06C39-00BC-4703-A503-F39B78BD8024}"
EndProject
Project("{FAE04EC0-301F-11D3-BF4B-00C04F79EFBC}") = "Study.Memcached.MvcSite", "Study.Memcached.MvcSite\Study.Memcached.MvcSite.csproj", "{4E13D347-26A2-411D-9AE0-C5C651FCAEFF}"
EndProject
Global
	GlobalSection(SolutionConfigurationPlatforms) = preSolution
		Debug|Any CPU = Debug|Any CPU
		Release|Any CPU = Release|Any CPU
	EndGlobalSection
	GlobalSection(ProjectConfigurationPlatforms) = postSolution
		{ABA06C39-00BC-4703-A503-F39B78BD8024}.Debug|Any CPU.ActiveCfg = Debug|Any CPU
		{ABA06C39-00BC-4703-A503-F39B78BD8024}.Debug|Any CPU.Build.0 = Debug|Any CPU
		{ABA06C39-00BC-4703-A503-F39B78BD8024}.Release|Any CPU.ActiveCfg = Release|Any CPU
		{ABA06C39-00BC-4703-A503-F39B78BD8024}.Release|Any CPU.Build.0 = Release|Any CPU
		{4E13D347-26A2-411D-9AE0-C5C651FCAEFF}.Debug|Any CPU.ActiveCfg = Debug|Any CPU
		{4E13D347-26A2-411D-9AE0-C5C651FCAEFF}.Debug|Any CPU.Build.0 = Debug|Any CPU
		{4E13D347-26A2-411D-9AE0-C5C651FCAEFF}.Release|Any CPU.ActiveCfg = Release|Any CPU
		{4E13D347-26A2-411D-9AE0-C5C651FCAEFF}.Release|Any CPU.Build.0 = Release|Any CPU
	EndGlobalSection
	GlobalSection(SolutionProperties) = preSolution
		HideSolutionNode = FALSE
	EndGlobalSection
EndGlobal
